// !$*UTF8*$!
{
	archiveVersion = 1;
	classes = {
	};
	objectVersion = 77;
	objects = {

/* Begin PBXBuildFile section */
		F507DE282F58DBE600006A95 /* UserNotifications.framework in Frameworks */ = {isa = PBXBuildFile; fileRef = F507DE272F58DBE600006A95 /* UserNotifications.framework */; };
		F507DE2A2F58DBE600006A95 /* UserNotificationsUI.framework in Frameworks */ = {isa = PBXBuildFile; fileRef = F507DE292F58DBE600006A95 /* UserNotificationsUI.framework */; };
		F507DE342F58DBE600006A95 /* VitaInfoReminderExtension.appex in Embed Foundation Extensions */ = {isa = PBXBuildFile; fileRef = F507DE252F58DBE600006A95 /* VitaInfoReminderExtension.appex */; settings = {ATTRIBUTES = (RemoveHeadersOnCopy, ); }; };
		F519A4112EDC7CD100B8D051 /* ComposableArchitecture in Frameworks */ = {isa = PBXBuildFile; productRef = F519A4102EDC7CD100B8D051 /* ComposableArchitecture */; };
		F519A4142EE0B3AB00B8D051 /* Vitamins/Typography in Resources */ = {isa = PBXBuildFile; fileRef = F519A4132EE0B3AB00B8D051 /* Vitamins/Typography */; };
/* End PBXBuildFile section */

/* Begin PBXContainerItemProxy section */
		F507DE322F58DBE600006A95 /* PBXContainerItemProxy */ = {
			isa = PBXContainerItemProxy;
			containerPortal = F519A3E62EDC66F500B8D051 /* Project object */;
			proxyType = 1;
			remoteGlobalIDString = F507DE242F58DBE600006A95;
			remoteInfo = VitaInfoReminderExtension;
		};
/* End PBXContainerItemProxy section */

/* Begin PBXCopyFilesBuildPhase section */
		F507DE352F58DBE600006A95 /* Embed Foundation Extensions */ = {
			isa = PBXCopyFilesBuildPhase;
			buildActionMask = 2147483647;
			dstPath = "";
			dstSubfolderSpec = 13;
			files = (
				F507DE342F58DBE600006A95 /* VitaInfoReminderExtension.appex in Embed Foundation Extensions */,
			);
			name = "Embed Foundation Extensions";
			runOnlyForDeploymentPostprocessing = 0;
		};
/* End PBXCopyFilesBuildPhase section */

/* Begin PBXFileReference section */
		F507DE252F58DBE600006A95 /* VitaInfoReminderExtension.appex */ = {isa = PBXFileReference; explicitFileType = "wrapper.app-extension"; includeInIndex = 0; path = VitaInfoReminderExtension.appex; sourceTree = BUILT_PRODUCTS_DIR; };
		F507DE272F58DBE600006A95 /* UserNotifications.framework */ = {isa = PBXFileReference; lastKnownFileType = wrapper.framework; name = UserNotifications.framework; path = System/Library/Frameworks/UserNotifications.framework; sourceTree = SDKROOT; };
		F507DE292F58DBE600006A95 /* UserNotificationsUI.framework */ = {isa = PBXFileReference; lastKnownFileType = wrapper.framework; name = UserNotificationsUI.framework; path = System/Library/Frameworks/UserNotificationsUI.framework; sourceTree = SDKROOT; };
		F519A3EE2EDC66F500B8D051 /* VitaInfo.app */ = {isa = PBXFileReference; explicitFileType = wrapper.application; includeInIndex = 0; path = VitaInfo.app; sourceTree = BUILT_PRODUCTS_DIR; };
		F519A4132EE0B3AB00B8D051 /* Vitamins/Typography */ = {isa = PBXFileReference; lastKnownFileType = folder; path = Vitamins/Typography; sourceTree = SOURCE_ROOT; };
/* End PBXFileReference section */

/* Begin PBXFileSystemSynchronizedBuildFileExceptionSet section */
		F507DE382F58DBE600006A95 /* Exceptions for "VitaInfoReminderExtension" folder in "VitaInfoReminderExtension" target */ = {
			isa = PBXFileSystemSynchronizedBuildFileExceptionSet;
			membershipExceptions = (
				Info.plist,
			);
			target = F507DE242F58DBE600006A95 /* VitaInfoReminderExtension */;
		};
/* End PBXFileSystemSynchronizedBuildFileExceptionSet section */

/* Begin PBXFileSystemSynchronizedRootGroup section */
		F507DE2B2F58DBE600006A95 /* VitaInfoReminderExtension */ = {
			isa = PBXFileSystemSynchronizedRootGroup;
			exceptions = (
				F507DE382F58DBE600006A95 /* Exceptions for "VitaInfoReminderExtension" folder in "VitaInfoReminderExtension" target */,
			);
			path = VitaInfoReminderExtension;
			sourceTree = "<group>";
		};
		F519A3F02EDC66F500B8D051 /* Vitamins */ = {
			isa = PBXFileSystemSynchronizedRootGroup;
			path = Vitamins;
			sourceTree = "<group>";
		};
/* End PBXFileSystemSynchronizedRootGroup section */

/* Begin PBXFrameworksBuildPhase section */
		F507DE222F58DBE600006A95 /* Frameworks */ = {
			isa = PBXFrameworksBuildPhase;
			buildActionMask = 2147483647;
			files = (
				F507DE2A2F58DBE600006A95 /* UserNotificationsUI.framework in Frameworks */,
				F507DE282F58DBE600006A95 /* UserNotifications.framework in Frameworks */,
			);
			runOnlyForDeploymentPostprocessing = 0;
		};
		F519A3EB2EDC66F500B8D051 /* Frameworks */ = {
			isa = PBXFrameworksBuildPhase;
			buildActionMask = 2147483647;
			files = (
				F519A4112EDC7CD100B8D051 /* ComposableArchitecture in Frameworks */,
			);
			runOnlyForDeploymentPostprocessing = 0;
		};
/* End PBXFrameworksBuildPhase section */

/* Begin PBXGroup section */
		F507DE262F58DBE600006A95 /* Frameworks */ = {
			isa = PBXGroup;
			children = (
				F507DE272F58DBE600006A95 /* UserNotifications.framework */,
				F507DE292F58DBE600006A95 /* UserNotificationsUI.framework */,
			);
			name = Frameworks;
			sourceTree = "<group>";
		};
		F519A3E52EDC66F500B8D051 = {
			isa = PBXGroup;
			children = (
				F519A3F02EDC66F500B8D051 /* Vitamins */,
				F507DE2B2F58DBE600006A95 /* VitaInfoReminderExtension */,
				F507DE262F58DBE600006A95 /* Frameworks */,
				F519A3EF2EDC66F500B8D051 /* Products */,
				F5A1C1072F34999D00BB367A /* Recovered References */,
			);
			sourceTree = "<group>";
		};
		F519A3EF2EDC66F500B8D051 /* Products */ = {
			isa = PBXGroup;
			children = (
				F519A3EE2EDC66F500B8D051 /* VitaInfo.app */,
				F507DE252F58DBE600006A95 /* VitaInfoReminderExtension.appex */,
			);
			name = Products;
			sourceTree = "<group>";
		};
		F5A1C1072F34999D00BB367A /* Recovered References */ = {
			isa = PBXGroup;
			children = (
				F519A4132EE0B3AB00B8D051 /* Vitamins/Typography */,
			);
			name = "Recovered References";
			sourceTree = "<group>";
		};
/* End PBXGroup section */

/* Begin PBXNativeTarget section */
		F507DE242F58DBE600006A95 /* VitaInfoReminderExtension */ = {
			isa = PBXNativeTarget;
			buildConfigurationList = F507DE392F58DBE600006A95 /* Build configuration list for PBXNativeTarget "VitaInfoReminderExtension" */;
			buildPhases = (
				F507DE212F58DBE600006A95 /* Sources */,
				F507DE222F58DBE600006A95 /* Frameworks */,
				F507DE232F58DBE600006A95 /* Resources */,
			);
			buildRules = (
			);
			dependencies = (
			);
			fileSystemSynchronizedGroups = (
				F507DE2B2F58DBE600006A95 /* VitaInfoReminderExtension */,
			);
			name = VitaInfoReminderExtension;
			packageProductDependencies = (
			);
			productName = VitaInfoReminderExtension;
			productReference = F507DE252F58DBE600006A95 /* VitaInfoReminderExtension.appex */;
			productType = "com.apple.product-type.app-extension";
		};
		F519A3ED2EDC66F500B8D051 /* VitaInfo */ = {
			isa = PBXNativeTarget;
			buildConfigurationList = F519A3F92EDC66F700B8D051 /* Build configuration list for PBXNativeTarget "VitaInfo" */;
			buildPhases = (
				F519A3EA2EDC66F500B8D051 /* Sources */,
				F519A3EB2EDC66F500B8D051 /* Frameworks */,
				F519A3EC2EDC66F500B8D051 /* Resources */,
				F507DE352F58DBE600006A95 /* Embed Foundation Extensions */,
			);
			buildRules = (
			);
			dependencies = (
				F507DE332F58DBE600006A95 /* PBXTargetDependency */,
			);
			fileSystemSynchronizedGroups = (
				F519A3F02EDC66F500B8D051 /* Vitamins */,
			);
			name = VitaInfo;
			packageProductDependencies = (
				F519A4102EDC7CD100B8D051 /* ComposableArchitecture */,
			);
			productName = Vitamins;
			productReference = F519A3EE2EDC66F500B8D051 /* VitaInfo.app */;
			productType = "com.apple.product-type.application";
		};
/* End PBXNativeTarget section */

/* Begin PBXProject section */
		F519A3E62EDC66F500B8D051 /* Project object */ = {
			isa = PBXProject;
			attributes = {
				BuildIndependentTargetsInParallel = 1;
				LastSwiftUpdateCheck = 2600;
				LastUpgradeCheck = 2600;
				TargetAttributes = {
					F507DE242F58DBE600006A95 = {
						CreatedOnToolsVersion = 26.0.1;
					};
					F519A3ED2EDC66F500B8D051 = {
						CreatedOnToolsVersion = 26.0.1;
					};
				};
			};
			buildConfigurationList = F519A3E92EDC66F500B8D051 /* Build configuration list for PBXProject "Vitamins" */;
			developmentRegion = en;
			hasScannedForEncodings = 0;
			knownRegions = (
				en,
				Base,
			);
			mainGroup = F519A3E52EDC66F500B8D051;
			minimizedProjectReferenceProxies = 1;
			packageReferences = (
				F519A40F2EDC7CD100B8D051 /* XCRemoteSwiftPackageReference "swift-composable-architecture" */,
			);
			preferredProjectObjectVersion = 77;
			productRefGroup = F519A3EF2EDC66F500B8D051 /* Products */;
			projectDirPath = "";
			projectRoot = "";
			targets = (
				F519A3ED2EDC66F500B8D051 /* VitaInfo */,
				F507DE242F58DBE600006A95 /* VitaInfoReminderExtension */,
			);
		};
/* End PBXProject section */

/* Begin PBXResourcesBuildPhase section */
		F507DE232F58DBE600006A95 /* Resources */ = {
			isa = PBXResourcesBuildPhase;
			buildActionMask = 2147483647;
			files = (
			);
			runOnlyForDeploymentPostprocessing = 0;
		};
		F519A3EC2EDC66F500B8D051 /* Resources */ = {
			isa = PBXResourcesBuildPhase;
			buildActionMask = 2147483647;
			files = (
				F519A4142EE0B3AB00B8D051 /* Vitamins/Typography in Resources */,
			);
			runOnlyForDeploymentPostprocessing = 0;
		};
/* End PBXResourcesBuildPhase section */

/* Begin PBXSourcesBuildPhase section */
		F507DE212F58DBE600006A95 /* Sources */ = {
			isa = PBXSourcesBuildPhase;
			buildActionMask = 2147483647;
			files = (
			);
			runOnlyForDeploymentPostprocessing = 0;
		};
		F519A3EA2EDC66F500B8D051 /* Sources */ = {
			isa = PBXSourcesBuildPhase;
			buildActionMask = 2147483647;
			files = (
			);
			runOnlyForDeploymentPostprocessing = 0;
		};
/* End PBXSourcesBuildPhase section */

/* Begin PBXTargetDependency section */
		F507DE332F58DBE600006A95 /* PBXTargetDependency */ = {
			isa = PBXTargetDependency;
			target = F507DE242F58DBE600006A95 /* VitaInfoReminderExtension */;
			targetProxy = F507DE322F58DBE600006A95 /* PBXContainerItemProxy */;
		};
/* End PBXTargetDependency section */

/* Begin XCBuildConfiguration section */
		F507DE362F58DBE600006A95 /* Debug */ = {
			isa = XCBuildConfiguration;
			buildSettings = {
				CODE_SIGN_STYLE = Automatic;
				CURRENT_PROJECT_VERSION = 2;
				DEVELOPMENT_TEAM = 8XRN4B69W4;
				GENERATE_INFOPLIST_FILE = YES;
				INFOPLIST_FILE = VitaInfoReminderExtension/Info.plist;
				INFOPLIST_KEY_CFBundleDisplayName = VitaInfoReminderExtension;
				INFOPLIST_KEY_NSHumanReadableCopyright = "";
				IPHONEOS_DEPLOYMENT_TARGET = 16.0;
				LD_RUNPATH_SEARCH_PATHS = (
					"$(inherited)",
					"@executable_path/Frameworks",
					"@executable_path/../../Frameworks",
				);
				MARKETING_VERSION = 1.0;
				PRODUCT_BUNDLE_IDENTIFIER = com.vitainfo.app.VitaInfoReminderExtension;
				PRODUCT_NAME = "$(TARGET_NAME)";
				SKIP_INSTALL = YES;
				STRING_CATALOG_GENERATE_SYMBOLS = YES;
				SUPPORTED_PLATFORMS = "iphoneos iphonesimulator";
				SUPPORTS_MACCATALYST = NO;
				SUPPORTS_MAC_DESIGNED_FOR_IPHONE_IPAD = NO;
				SUPPORTS_XR_DESIGNED_FOR_IPHONE_IPAD = NO;
				SWIFT_APPROACHABLE_CONCURRENCY = YES;
				SWIFT_EMIT_LOC_STRINGS = YES;
				SWIFT_UPCOMING_FEATURE_MEMBER_IMPORT_VISIBILITY = YES;
				SWIFT_VERSION = 5.0;
				TARGETED_DEVICE_FAMILY = 1;
			};
			name = Debug;
		};
		F507DE372F58DBE600006A95 /* Release */ = {
			isa = XCBuildConfiguration;
			buildSettings = {
				CODE_SIGN_STYLE = Automatic;
				CURRENT_PROJECT_VERSION = 2;
				DEVELOPMENT_TEAM = 8XRN4B69W4;
				GENERATE_INFOPLIST_FILE = YES;
				INFOPLIST_FILE = VitaInfoReminderExtension/Info.plist;
				INFOPLIST_KEY_CFBundleDisplayName = VitaInfoReminderExtension;
				INFOPLIST_KEY_NSHumanReadableCopyright = "";
				IPHONEOS_DEPLOYMENT_TARGET = 16.0;
				LD_RUNPATH_SEARCH_PATHS = (
					"$(inherited)",
					"@executable_path/Frameworks",
					"@executable_path/../../Frameworks",
				);
				MARKETING_VERSION = 1.0;
				PRODUCT_BUNDLE_IDENTIFIER = com.vitainfo.app.VitaInfoReminderExtension;
				PRODUCT_NAME = "$(TARGET_NAME)";
				SKIP_INSTALL = YES;
				STRING_CATALOG_GENERATE_SYMBOLS = YES;
				SUPPORTED_PLATFORMS = "iphoneos iphonesimulator";
				SUPPORTS_MACCATALYST = NO;
				SUPPORTS_MAC_DESIGNED_FOR_IPHONE_IPAD = NO;
				SUPPORTS_XR_DESIGNED_FOR_IPHONE_IPAD = NO;
				SWIFT_APPROACHABLE_CONCURRENCY = YES;
				SWIFT_EMIT_LOC_STRINGS = YES;
				SWIFT_UPCOMING_FEATURE_MEMBER_IMPORT_VISIBILITY = YES;
				SWIFT_VERSION = 5.0;
				TARGETED_DEVICE_FAMILY = 1;
			};
			name = Release;
		};
		F519A3F72EDC66F700B8D051 /* Debug */ = {
			isa = XCBuildConfiguration;
			buildSettings = {
				ALWAYS_SEARCH_USER_PATHS = NO;
				ASSETCATALOG_COMPILER_GENERATE_SWIFT_ASSET_SYMBOL_EXTENSIONS = YES;
				CLANG_ANALYZER_NONNULL = YES;
				CLANG_ANALYZER_NUMBER_OBJECT_CONVERSION = YES_AGGRESSIVE;
				CLANG_CXX_LANGUAGE_STANDARD = "gnu++20";
				CLANG_ENABLE_MODULES = YES;
				CLANG_ENABLE_OBJC_ARC = YES;
				CLANG_ENABLE_OBJC_WEAK = YES;
				CLANG_WARN_BLOCK_CAPTURE_AUTORELEASING = YES;
				CLANG_WARN_BOOL_CONVERSION = YES;
				CLANG_WARN_COMMA = YES;
				CLANG_WARN_CONSTANT_CONVERSION = YES;
				CLANG_WARN_DEPRECATED_OBJC_IMPLEMENTATIONS = YES;
				CLANG_WARN_DIRECT_OBJC_ISA_USAGE = YES_ERROR;
				CLANG_WARN_DOCUMENTATION_COMMENTS = YES;
				CLANG_WARN_EMPTY_BODY = YES;
				CLANG_WARN_ENUM_CONVERSION = YES;
				CLANG_WARN_INFINITE_RECURSION = YES;
				CLANG_WARN_INT_CONVERSION = YES;
				CLANG_WARN_NON_LITERAL_NULL_CONVERSION = YES;
				CLANG_WARN_OBJC_IMPLICIT_RETAIN_SELF = YES;
				CLANG_WARN_OBJC_LITERAL_CONVERSION = YES;
				CLANG_WARN_OBJC_ROOT_CLASS = YES_ERROR;
				CLANG_WARN_QUOTED_INCLUDE_IN_FRAMEWORK_HEADER = YES;
				CLANG_WARN_RANGE_LOOP_ANALYSIS = YES;
				CLANG_WARN_STRICT_PROTOTYPES = YES;
				CLANG_WARN_SUSPICIOUS_MOVE = YES;
				CLANG_WARN_UNGUARDED_AVAILABILITY = YES_AGGRESSIVE;
				CLANG_WARN_UNREACHABLE_CODE = YES;
				CLANG_WARN__DUPLICATE_METHOD_MATCH = YES;
				COPY_PHASE_STRIP = NO;
				DEBUG_INFORMATION_FORMAT = dwarf;
				ENABLE_STRICT_OBJC_MSGSEND = YES;
				ENABLE_TESTABILITY = YES;
				ENABLE_USER_SCRIPT_SANDBOXING = YES;
				GCC_C_LANGUAGE_STANDARD = gnu17;
				GCC_DYNAMIC_NO_PIC = NO;
				GCC_NO_COMMON_BLOCKS = YES;
				GCC_OPTIMIZATION_LEVEL = 0;
				GCC_PREPROCESSOR_DEFINITIONS = (
					"DEBUG=1",
					"$(inherited)",
				);
				GCC_WARN_64_TO_32_BIT_CONVERSION = YES;
				GCC_WARN_ABOUT_RETURN_TYPE = YES_ERROR;
				GCC_WARN_UNDECLARED_SELECTOR = YES;
				GCC_WARN_UNINITIALIZED_AUTOS = YES_AGGRESSIVE;
				GCC_WARN_UNUSED_FUNCTION = YES;
				GCC_WARN_UNUSED_VARIABLE = YES;
				IPHONEOS_DEPLOYMENT_TARGET = 26.0;
				LOCALIZATION_PREFERS_STRING_CATALOGS = YES;
				MTL_ENABLE_DEBUG_INFO = INCLUDE_SOURCE;
				MTL_FAST_MATH = YES;
				ONLY_ACTIVE_ARCH = YES;
				SDKROOT = iphoneos;
				SWIFT_ACTIVE_COMPILATION_CONDITIONS = "DEBUG $(inherited)";
				SWIFT_OPTIMIZATION_LEVEL = "-Onone";
			};
			name = Debug;
		};
		F519A3F82EDC66F700B8D051 /* Release */ = {
			isa = XCBuildConfiguration;
			buildSettings = {
				ALWAYS_SEARCH_USER_PATHS = NO;
				ASSETCATALOG_COMPILER_GENERATE_SWIFT_ASSET_SYMBOL_EXTENSIONS = YES;
				CLANG_ANALYZER_NONNULL = YES;
				CLANG_ANALYZER_NUMBER_OBJECT_CONVERSION = YES_AGGRESSIVE;
				CLANG_CXX_LANGUAGE_STANDARD = "gnu++20";
				CLANG_ENABLE_MODULES = YES;
				CLANG_ENABLE_OBJC_ARC = YES;
				CLANG_ENABLE_OBJC_WEAK = YES;
				CLANG_WARN_BLOCK_CAPTURE_AUTORELEASING = YES;
				CLANG_WARN_BOOL_CONVERSION = YES;
				CLANG_WARN_COMMA = YES;
				CLANG_WARN_CONSTANT_CONVERSION = YES;
				CLANG_WARN_DEPRECATED_OBJC_IMPLEMENTATIONS = YES;
				CLANG_WARN_DIRECT_OBJC_ISA_USAGE = YES_ERROR;
				CLANG_WARN_DOCUMENTATION_COMMENTS = YES;
				CLANG_WARN_EMPTY_BODY = YES;
				CLANG_WARN_ENUM_CONVERSION = YES;
				CLANG_WARN_INFINITE_RECURSION = YES;
				CLANG_WARN_INT_CONVERSION = YES;
				CLANG_WARN_NON_LITERAL_NULL_CONVERSION = YES;
				CLANG_WARN_OBJC_IMPLICIT_RETAIN_SELF = YES;
				CLANG_WARN_OBJC_LITERAL_CONVERSION = YES;
				CLANG_WARN_OBJC_ROOT_CLASS = YES_ERROR;
				CLANG_WARN_QUOTED_INCLUDE_IN_FRAMEWORK_HEADER = YES;
				CLANG_WARN_RANGE_LOOP_ANALYSIS = YES;
				CLANG_WARN_STRICT_PROTOTYPES = YES;
				CLANG_WARN_SUSPICIOUS_MOVE = YES;
				CLANG_WARN_UNGUARDED_AVAILABILITY = YES_AGGRESSIVE;
				CLANG_WARN_UNREACHABLE_CODE = YES;
				CLANG_WARN__DUPLICATE_METHOD_MATCH = YES;
				COPY_PHASE_STRIP = NO;
				DEBUG_INFORMATION_FORMAT = "dwarf-with-dsym";
				ENABLE_NS_ASSERTIONS = NO;
				ENABLE_STRICT_OBJC_MSGSEND = YES;
				ENABLE_USER_SCRIPT_SANDBOXING = YES;
				GCC_C_LANGUAGE_STANDARD = gnu17;
				GCC_NO_COMMON_BLOCKS = YES;
				GCC_WARN_64_TO_32_BIT_CONVERSION = YES;
				GCC_WARN_ABOUT_RETURN_TYPE = YES_ERROR;
				GCC_WARN_UNDECLARED_SELECTOR = YES;
				GCC_WARN_UNINITIALIZED_AUTOS = YES_AGGRESSIVE;
				GCC_WARN_UNUSED_FUNCTION = YES;
				GCC_WARN_UNUSED_VARIABLE = YES;
				IPHONEOS_DEPLOYMENT_TARGET = 26.0;
				LOCALIZATION_PREFERS_STRING_CATALOGS = YES;
				MTL_ENABLE_DEBUG_INFO = NO;
				MTL_FAST_MATH = YES;
				SDKROOT = iphoneos;
				SWIFT_COMPILATION_MODE = wholemodule;
				VALIDATE_PRODUCT = YES;
			};
			name = Release;
		};
		F519A3FA2EDC66F700B8D051 /* Debug */ = {
			isa = XCBuildConfiguration;
			buildSettings = {
				ASSETCATALOG_COMPILER_APPICON_NAME = AppIcon;
				ASSETCATALOG_COMPILER_GLOBAL_ACCENT_COLOR_NAME = AccentColor;
				CODE_SIGN_STYLE = Automatic;
				CURRENT_PROJECT_VERSION = 2;
				DEVELOPMENT_TEAM = 8XRN4B69W4;
				ENABLE_PREVIEWS = YES;
				EXCLUDED_SOURCE_FILE_NAMES = Info.plist;
				GENERATE_INFOPLIST_FILE = NO;
				INFOPLIST_FILE = Vitamins/Info.plist;
				INFOPLIST_KEY_CFBundleDisplayName = VitaInfo;
				INFOPLIST_KEY_LSApplicationCategoryType = "public.app-category.medical";
				INFOPLIST_KEY_UIAppFonts = "Typography/static/Commissioner-Thin.ttf Typography/static/Commissioner-ExtraLight.ttf Typography/static/Commissioner-Light.ttf Typography/static/Commissioner-Regular.ttf Typography/static/Commissioner-Medium.ttf Typography/static/Commissioner-SemiBold.ttf Typography/static/Commissioner-Bold.ttf Typography/static/Commissioner-ExtraBold.ttf Typography/static/Commissioner-Black.ttf";
				INFOPLIST_KEY_UIApplicationSceneManifest_Generation = YES;
				INFOPLIST_KEY_UIApplicationSupportsIndirectInputEvents = YES;
				INFOPLIST_KEY_UILaunchScreen_Generation = YES;
				INFOPLIST_KEY_UISupportedInterfaceOrientations_iPad = "UIInterfaceOrientationPortrait UIInterfaceOrientationPortraitUpsideDown UIInterfaceOrientationLandscapeLeft UIInterfaceOrientationLandscapeRight";
				INFOPLIST_KEY_UISupportedInterfaceOrientations_iPhone = "UIInterfaceOrientationPortrait UIInterfaceOrientationLandscapeLeft UIInterfaceOrientationLandscapeRight";
				IPHONEOS_DEPLOYMENT_TARGET = 16.0;
				LD_RUNPATH_SEARCH_PATHS = (
					"$(inherited)",
					"@executable_path/Frameworks",
				);
				MARKETING_VERSION = 1.0;
				PRODUCT_BUNDLE_IDENTIFIER = com.vitainfo.app;
				PRODUCT_NAME = "$(TARGET_NAME)";
				STRING_CATALOG_GENERATE_SYMBOLS = YES;
				SUPPORTED_PLATFORMS = "iphoneos iphonesimulator";
				SUPPORTS_MACCATALYST = NO;
				SUPPORTS_MAC_DESIGNED_FOR_IPHONE_IPAD = NO;
				SUPPORTS_XR_DESIGNED_FOR_IPHONE_IPAD = NO;
				SWIFT_APPROACHABLE_CONCURRENCY = YES;
				SWIFT_DEFAULT_ACTOR_ISOLATION = MainActor;
				SWIFT_EMIT_LOC_STRINGS = YES;
				SWIFT_UPCOMING_FEATURE_MEMBER_IMPORT_VISIBILITY = YES;
				SWIFT_VERSION = 5.0;
				TARGETED_DEVICE_FAMILY = 1;
			};
			name = Debug;
		};
		F519A3FB2EDC66F700B8D051 /* Release */ = {
			isa = XCBuildConfiguration;
			buildSettings = {
				ASSETCATALOG_COMPILER_APPICON_NAME = AppIcon;
				ASSETCATALOG_COMPILER_GLOBAL_ACCENT_COLOR_NAME = AccentColor;
				CODE_SIGN_STYLE = Automatic;
				CURRENT_PROJECT_VERSION = 2;
				DEVELOPMENT_TEAM = 8XRN4B69W4;
				ENABLE_PREVIEWS = YES;
				EXCLUDED_SOURCE_FILE_NAMES = Info.plist;
				GENERATE_INFOPLIST_FILE = NO;
				INFOPLIST_FILE = Vitamins/Info.plist;
				INFOPLIST_KEY_CFBundleDisplayName = VitaInfo;
				INFOPLIST_KEY_LSApplicationCategoryType = "public.app-category.medical";
				INFOPLIST_KEY_UIAppFonts = "Typography/static/Commissioner-Thin.ttf Typography/static/Commissioner-ExtraLight.ttf Typography/static/Commissioner-Light.ttf Typography/static/Commissioner-Regular.ttf Typography/static/Commissioner-Medium.ttf Typography/static/Commissioner-SemiBold.ttf Typography/static/Commissioner-Bold.ttf Typography/static/Commissioner-ExtraBold.ttf Typography/static/Commissioner-Black.ttf";
				INFOPLIST_KEY_UIApplicationSceneManifest_Generation = YES;
				INFOPLIST_KEY_UIApplicationSupportsIndirectInputEvents = YES;
				INFOPLIST_KEY_UILaunchScreen_Generation = YES;
				INFOPLIST_KEY_UISupportedInterfaceOrientations_iPad = "UIInterfaceOrientationPortrait UIInterfaceOrientationPortraitUpsideDown UIInterfaceOrientationLandscapeLeft UIInterfaceOrientationLandscapeRight";
				INFOPLIST_KEY_UISupportedInterfaceOrientations_iPhone = "UIInterfaceOrientationPortrait UIInterfaceOrientationLandscapeLeft UIInterfaceOrientationLandscapeRight";
				IPHONEOS_DEPLOYMENT_TARGET = 16.0;
				LD_RUNPATH_SEARCH_PATHS = (
					"$(inherited)",
					"@executable_path/Frameworks",
				);
				MARKETING_VERSION = 1.0;
				PRODUCT_BUNDLE_IDENTIFIER = com.vitainfo.app;
				PRODUCT_NAME = "$(TARGET_NAME)";
				STRING_CATALOG_GENERATE_SYMBOLS = YES;
				SUPPORTED_PLATFORMS = "iphoneos iphonesimulator";
				SUPPORTS_MACCATALYST = NO;
				SUPPORTS_MAC_DESIGNED_FOR_IPHONE_IPAD = NO;
				SUPPORTS_XR_DESIGNED_FOR_IPHONE_IPAD = NO;
				SWIFT_APPROACHABLE_CONCURRENCY = YES;
				SWIFT_DEFAULT_ACTOR_ISOLATION = MainActor;
				SWIFT_EMIT_LOC_STRINGS = YES;
				SWIFT_UPCOMING_FEATURE_MEMBER_IMPORT_VISIBILITY = YES;
				SWIFT_VERSION = 5.0;
				TARGETED_DEVICE_FAMILY = 1;
			};
			name = Release;
		};
/* End XCBuildConfiguration section */

/* Begin XCConfigurationList section */
		F507DE392F58DBE600006A95 /* Build configuration list for PBXNativeTarget "VitaInfoReminderExtension" */ = {
			isa = XCConfigurationList;
			buildConfigurations = (
				F507DE362F58DBE600006A95 /* Debug */,
				F507DE372F58DBE600006A95 /* Release */,
			);
			defaultConfigurationIsVisible = 0;
			defaultConfigurationName = Release;
		};
		F519A3E92EDC66F500B8D051 /* Build configuration list for PBXProject "Vitamins" */ = {
			isa = XCConfigurationList;
			buildConfigurations = (
				F519A3F72EDC66F700B8D051 /* Debug */,
				F519A3F82EDC66F700B8D051 /* Release */,
			);
			defaultConfigurationIsVisible = 0;
			defaultConfigurationName = Release;
		};
		F519A3F92EDC66F700B8D051 /* Build configuration list for PBXNativeTarget "VitaInfo" */ = {
			isa = XCConfigurationList;
			buildConfigurations = (
				F519A3FA2EDC66F700B8D051 /* Debug */,
				F519A3FB2EDC66F700B8D051 /* Release */,
			);
			defaultConfigurationIsVisible = 0;
			defaultConfigurationName = Release;
		};
/* End XCConfigurationList section */

/* Begin XCRemoteSwiftPackageReference section */
		F519A40F2EDC7CD100B8D051 /* XCRemoteSwiftPackageReference "swift-composable-architecture" */ = {
			isa = XCRemoteSwiftPackageReference;
			repositoryURL = "https://github.com/pointfreeco/swift-composable-architecture";
			requirement = {
				kind = upToNextMajorVersion;
				minimumVersion = 1.23.1;
			};
		};
/* End XCRemoteSwiftPackageReference section */

/* Begin XCSwiftPackageProductDependency section */
		F519A4102EDC7CD100B8D051 /* ComposableArchitecture */ = {
			isa = XCSwiftPackageProductDependency;
			package = F519A40F2EDC7CD100B8D051 /* XCRemoteSwiftPackageReference "swift-composable-architecture" */;
			productName = ComposableArchitecture;
		};
/* End XCSwiftPackageProductDependency section */
	};
	rootObject = F519A3E62EDC66F500B8D051 /* Project object */;
}
